
Microsoft Visual Studio Solution File, Format Version 12.00
# Visual Studio Version 17
VisualStudioVersion = 17.1.32328.378
MinimumVisualStudioVersion = 10.0.40219.1
Project("{FAE04EC0-301F-11D3-BF4B-00C04F79EFBC}") = "CSharp.LabExercise1", "CSharp.LabExercise1.csproj", "{2F2092F3-2FF1-43E9-B70F-700B4A3F7001}"
EndProject
Global
	GlobalSection(SolutionConfigurationPlatforms) = preSolution
		Debug|Any CPU = Debug|Any CPU
		Release|Any CPU = Release|Any CPU
	EndGlobalSection
	GlobalSection(ProjectConfigurationPlatforms) = postSolution
		{2F2092F3-2FF1-43E9-B70F-700B4A3F7001}.Debug|Any CPU.ActiveCfg = Debug|Any CPU
		{2F2092F3-2FF1-43E9-B70F-700B4A3F7001}.Debug|Any CPU.Build.0 = Debug|Any CPU
		{2F2092F3-2FF1-43E9-B70F-700B4A3F7001}.Release|Any CPU.ActiveCfg = Release|Any CPU
		{2F2092F3-2FF1-43E9-B70F-700B4A3F7001}.Release|Any CPU.Build.0 = Release|Any CPU
	EndGlobalSection
	GlobalSection(SolutionProperties) = preSolution
		HideSolutionNode = FALSE
	EndGlobalSection
	GlobalSection(ExtensibilityGlobals) = postSolution
		SolutionGuid = {7A345F20-FFCA-439B-A06E-82C05CE4B81C}
	EndGlobalSection
EndGlobal
